
Microsoft Visual Studio Solution File, Format Version 12.00
# Visual Studio Version 17
VisualStudioVersion = 17.4.33205.214
MinimumVisualStudioVersion = 10.0.40219.1
Project("{888888A0-9F3D-457C-B088-3A5042F75D52}") = "telebot", "telebot\telebot.pyproj", "{F006E67C-A462-4FEB-85C0-6C8CCDCC79FC}"
EndProject
Global
	GlobalSection(SolutionConfigurationPlatforms) = preSolution
		Debug|Any CPU = Debug|Any CPU
		Release|Any CPU = Release|Any CPU
	EndGlobalSection
	GlobalSection(ProjectConfigurationPlatforms) = postSolution
		{F006E67C-A462-4FEB-85C0-6C8CCDCC79FC}.Debug|Any CPU.ActiveCfg = Debug|Any CPU
		{F006E67C-A462-4FEB-85C0-6C8CCDCC79FC}.Release|Any CPU.ActiveCfg = Release|Any CPU
	EndGlobalSection
	GlobalSection(SolutionProperties) = preSolution
		HideSolutionNode = FALSE
	EndGlobalSection
	GlobalSection(ExtensibilityGlobals) = postSolution
		SolutionGuid = {543B6D9E-0CFF-42CF-83F0-A87F8AFE5A22}
	EndGlobalSection
EndGlobal
